<?xml version="1.0" encoding="utf-8"?>
<Project ToolsVersion="4.0" xmlns="http://schemas.microsoft.com/developer/msbuild/2003">
  <ItemGroup>
    <ClCompile Include="src\Menu\StateMainMenu.cpp" />
    <ClCompile Include="src\main.cpp" />
    <ClCompile Include="src\Menu\MenuBackground.cpp" />
    <ClCompile Include="src\Menu\SaveEntry.cpp" />
    <ClCompile Include="src\Menu\StateCreateWorld.cpp" />
    <ClCompile Include="src\Menu\StateCredits.cpp" />
    <ClCompile Include="src\Menu\StateLoading.cpp" />
    <ClCompile Include="src\Menu\StateSelectWorld.cpp" />
    <ClCompile Include="src\Menu\StateSettings.cpp" />
    <ClCompile Include="src\Debug\ToolPress.cpp" />
    <ClCompile Include="src\Debug\ToolStructure.cpp" />
    <ClCompile Include="src\Menu\Components\CategoryButton.cpp" />
    <ClCompile Include="src\Menu\Components\OptionButton.cpp" />
    <ClCompile Include="src\Menu\StateAsyncExample.h" />
    <ClCompile Include="src\Menu\StateAsyncExample.cpp" />
  </ItemGroup>
  <ItemGroup>
    <ClInclude Include="src\Common.h" />
    <ClInclude Include="src\Menu\StateMainMenu.h" />
    <ClInclude Include="src\Menu\StateLoading.h" />
    <ClInclude Include="src\Menu\MenuBackground.h" />
    <ClInclude Include="src\Menu\SaveEntry.h" />
    <ClInclude Include="src\Menu\StateCreateWorld.h" />
    <ClInclude Include="src\Menu\StateCredits.h" />
    <ClInclude Include="src\Menu\StateSelectWorld.h" />
    <ClInclude Include="src\Menu\StateSettings.h" />
    <ClInclude Include="src\Debug\ToolPress.h" />
    <ClInclude Include="src\Debug\ToolStructure.h" />
    <ClInclude Include="src\Menu\Components\CategoryButton.h" />
    <ClInclude Include="src\Menu\Components\OptionButton.h" />
  </ItemGroup>
</Project>